
Microsoft Visual Studio Solution File, Format Version 12.00
# Visual Studio 15
VisualStudioVersion = 15.0.27004.2002
MinimumVisualStudioVersion = 10.0.40219.1
Project("{FAE04EC0-301F-11D3-BF4B-00C04F79EFBC}") = "Bot2048", "Bot2048\Bot2048.csproj", "{302CF301-020D-4F8D-93C0-13A379582C0F}"
EndProject
Global
	GlobalSection(SolutionConfigurationPlatforms) = preSolution
		Debug|Any CPU = Debug|Any CPU
		Release|Any CPU = Release|Any CPU
	EndGlobalSection
	GlobalSection(ProjectConfigurationPlatforms) = postSolution
		{302CF301-020D-4F8D-93C0-13A379582C0F}.Debug|Any CPU.ActiveCfg = Debug|Any CPU
		{302CF301-020D-4F8D-93C0-13A379582C0F}.Debug|Any CPU.Build.0 = Debug|Any CPU
		{302CF301-020D-4F8D-93C0-13A379582C0F}.Release|Any CPU.ActiveCfg = Release|Any CPU
		{302CF301-020D-4F8D-93C0-13A379582C0F}.Release|Any CPU.Build.0 = Release|Any CPU
	EndGlobalSection
	GlobalSection(SolutionProperties) = preSolution
		HideSolutionNode = FALSE
	EndGlobalSection
	GlobalSection(ExtensibilityGlobals) = postSolution
		SolutionGuid = {57757F1C-7394-462B-ABDB-15B4EC093EF8}
	EndGlobalSection
EndGlobal
